# THIS IS AN AUTOGENERATED FILE. DO NOT EDIT THIS FILE DIRECTLY.
# yarn lockfile v1


centra@^2.4.2:
  version "2.4.2"
  resolved "https://registry.yarnpkg.com/centra/-/centra-2.4.2.tgz#3bad51dbca2250dbecad84598dc7184973f4c4a9"
  integrity sha512-f1RaP0V1HqVNEXfLfjNBthB2yy3KnSGnPCnOPCFLUk9e/Z4rNJ8nBaJNnghflnp88mi1IT8mfmW+HlMS1/H+bg==

dotenv@^8.2.0:
  version "8.2.0"
  resolved "https://registry.yarnpkg.com/dotenv/-/dotenv-8.2.0.tgz#97e619259ada750eea3e4ea3e26bceea5424b16a"
  integrity sha512-8sJ78ElpbDJBHNeBzUbUVLsqKdccaa/BXF1uPTw3GrvQTBgrQrtObr2mUrE38vzYd8cEv+m/JBfDLioYcfXoaw==

phin@^3.5.1:
  version "3.5.1"
  resolved "https://registry.yarnpkg.com/phin/-/phin-3.5.1.tgz#41ce07aa7eb23b1f7ded89fc00a464addddac972"
  integrity sha512-jgFO28IaiWAl0xk+zmqVx7neKVokWKU8YTQC5QlB45SZnEE53LH2saqJIcyIV557VX3Gk+TdR4rwWTc3P83DSA==
  dependencies:
    centra "^2.4.2"
